
Microsoft Visual Studio Solution File, Format Version 12.00
# Visual Studio Version 17
VisualStudioVersion = 17.0.31611.283
MinimumVisualStudioVersion = 10.0.40219.1
Project("{9A19103F-16F7-4668-BE54-9A1E7A4F7556}") = "CarListApp.Maui", "CarListApp.Maui\CarListApp.Maui.csproj", "{A90B9F3C-4D12-4DE1-B7A7-D565E2159DF3}"
EndProject
Project("{2150E333-8FDC-42A3-9474-1A3956D46DE8}") = "Solution Items", "Solution Items", "{364F5420-312D-4E1C-9C0E-AF5E76A2C535}"
EndProject
Project("{9A19103F-16F7-4668-BE54-9A1E7A4F7556}") = "CarListApp.API", "CarListApp.API\CarListApp.API.csproj", "{8D828347-A17A-447B-9806-5FA8D59372D3}"
EndProject
Project("{9A19103F-16F7-4668-BE54-9A1E7A4F7556}") = "LoggerService", "LoggerService\LoggerService.csproj", "{8C2F8DDB-6EF1-4C3E-A19E-0C20F937F84F}"
EndProject
Project("{9A19103F-16F7-4668-BE54-9A1E7A4F7556}") = "Contracts", "Contracts\Contracts.csproj", "{235B5ADE-C0D3-4F4A-9B83-77E6295917F3}"
EndProject
Global
	GlobalSection(SolutionConfigurationPlatforms) = preSolution
		Debug|Any CPU = Debug|Any CPU
		Release|Any CPU = Release|Any CPU
	EndGlobalSection
	GlobalSection(ProjectConfigurationPlatforms) = postSolution
		{A90B9F3C-4D12-4DE1-B7A7-D565E2159DF3}.Debug|Any CPU.ActiveCfg = Debug|Any CPU
		{A90B9F3C-4D12-4DE1-B7A7-D565E2159DF3}.Debug|Any CPU.Build.0 = Debug|Any CPU
		{A90B9F3C-4D12-4DE1-B7A7-D565E2159DF3}.Debug|Any CPU.Deploy.0 = Debug|Any CPU
		{A90B9F3C-4D12-4DE1-B7A7-D565E2159DF3}.Release|Any CPU.ActiveCfg = Release|Any CPU
		{A90B9F3C-4D12-4DE1-B7A7-D565E2159DF3}.Release|Any CPU.Build.0 = Release|Any CPU
		{A90B9F3C-4D12-4DE1-B7A7-D565E2159DF3}.Release|Any CPU.Deploy.0 = Release|Any CPU
		{8D828347-A17A-447B-9806-5FA8D59372D3}.Debug|Any CPU.ActiveCfg = Debug|Any CPU
		{8D828347-A17A-447B-9806-5FA8D59372D3}.Debug|Any CPU.Build.0 = Debug|Any CPU
		{8D828347-A17A-447B-9806-5FA8D59372D3}.Release|Any CPU.ActiveCfg = Release|Any CPU
		{8D828347-A17A-447B-9806-5FA8D59372D3}.Release|Any CPU.Build.0 = Release|Any CPU
		{8C2F8DDB-6EF1-4C3E-A19E-0C20F937F84F}.Debug|Any CPU.ActiveCfg = Debug|Any CPU
		{8C2F8DDB-6EF1-4C3E-A19E-0C20F937F84F}.Debug|Any CPU.Build.0 = Debug|Any CPU
		{8C2F8DDB-6EF1-4C3E-A19E-0C20F937F84F}.Release|Any CPU.ActiveCfg = Release|Any CPU
		{8C2F8DDB-6EF1-4C3E-A19E-0C20F937F84F}.Release|Any CPU.Build.0 = Release|Any CPU
		{235B5ADE-C0D3-4F4A-9B83-77E6295917F3}.Debug|Any CPU.ActiveCfg = Debug|Any CPU
		{235B5ADE-C0D3-4F4A-9B83-77E6295917F3}.Debug|Any CPU.Build.0 = Debug|Any CPU
		{235B5ADE-C0D3-4F4A-9B83-77E6295917F3}.Release|Any CPU.ActiveCfg = Release|Any CPU
		{235B5ADE-C0D3-4F4A-9B83-77E6295917F3}.Release|Any CPU.Build.0 = Release|Any CPU
	EndGlobalSection
	GlobalSection(SolutionProperties) = preSolution
		HideSolutionNode = FALSE
	EndGlobalSection
	GlobalSection(ExtensibilityGlobals) = postSolution
		SolutionGuid = {61F7FB11-1E47-470C-91E2-47F8143E1572}
	EndGlobalSection
EndGlobal
